
Microsoft Visual Studio Solution File, Format Version 12.00
# Visual Studio Version 16
VisualStudioVersion = 16.0.30711.63
MinimumVisualStudioVersion = 10.0.40219.1
Project("{FAE04EC0-301F-11D3-BF4B-00C04F79EFBC}") = "LRUCache", "LRUCache\LRUCache.csproj", "{0D46DA50-0FF6-4FA2-8A11-E8E906FBE1E8}"
EndProject
Global
	GlobalSection(SolutionConfigurationPlatforms) = preSolution
		Debug|Any CPU = Debug|Any CPU
		Release|Any CPU = Release|Any CPU
	EndGlobalSection
	GlobalSection(ProjectConfigurationPlatforms) = postSolution
		{0D46DA50-0FF6-4FA2-8A11-E8E906FBE1E8}.Debug|Any CPU.ActiveCfg = Debug|Any CPU
		{0D46DA50-0FF6-4FA2-8A11-E8E906FBE1E8}.Debug|Any CPU.Build.0 = Debug|Any CPU
		{0D46DA50-0FF6-4FA2-8A11-E8E906FBE1E8}.Release|Any CPU.ActiveCfg = Release|Any CPU
		{0D46DA50-0FF6-4FA2-8A11-E8E906FBE1E8}.Release|Any CPU.Build.0 = Release|Any CPU
	EndGlobalSection
	GlobalSection(SolutionProperties) = preSolution
		HideSolutionNode = FALSE
	EndGlobalSection
	GlobalSection(ExtensibilityGlobals) = postSolution
		SolutionGuid = {66374904-B491-4905-B771-687F1FDDE693}
	EndGlobalSection
EndGlobal
